
Microsoft Visual Studio Solution File, Format Version 12.00
# Visual Studio Version 17
VisualStudioVersion = 17.13.35806.99 d17.13
MinimumVisualStudioVersion = 10.0.40219.1
Project("{FAE04EC0-301F-11D3-BF4B-00C04F79EFBC}") = "ProyectoFinal", "ProyectoFinal\ProyectoFinal.csproj", "{C290DA66-0F82-4AA5-9703-69FDD67A7008}"
EndProject
Global
	GlobalSection(SolutionConfigurationPlatforms) = preSolution
		Debug|Any CPU = Debug|Any CPU
		Release|Any CPU = Release|Any CPU
	EndGlobalSection
	GlobalSection(ProjectConfigurationPlatforms) = postSolution
		{C290DA66-0F82-4AA5-9703-69FDD67A7008}.Debug|Any CPU.ActiveCfg = Debug|Any CPU
		{C290DA66-0F82-4AA5-9703-69FDD67A7008}.Debug|Any CPU.Build.0 = Debug|Any CPU
		{C290DA66-0F82-4AA5-9703-69FDD67A7008}.Release|Any CPU.ActiveCfg = Release|Any CPU
		{C290DA66-0F82-4AA5-9703-69FDD67A7008}.Release|Any CPU.Build.0 = Release|Any CPU
	EndGlobalSection
	GlobalSection(SolutionProperties) = preSolution
		HideSolutionNode = FALSE
	EndGlobalSection
	GlobalSection(ExtensibilityGlobals) = postSolution
		SolutionGuid = {1D350524-2AE4-4D9D-ABBC-4F59F3A0CC20}
	EndGlobalSection
EndGlobal
